// !$*UTF8*$!
{
	archiveVersion = 1;
	classes = {
	};
	objectVersion = 56;
	objects = {

/* Begin PBXBuildFile section */
		A11C1001AAAA000100000001 /* BrewCapApp.swift in Sources */ = {isa = PBXBuildFile; fileRef = A11C1002AAAA000100000001 /* BrewCapApp.swift */; };
		A11C1003AAAA000100000001 /* AppDelegate.swift in Sources */ = {isa = PBXBuildFile; fileRef = A11C1004AAAA000100000001 /* AppDelegate.swift */; };
		A11C1005AAAA000100000001 /* Assets.xcassets in Resources */ = {isa = PBXBuildFile; fileRef = A11C1006AAAA000100000001 /* Assets.xcassets */; };
		A11C1018AAAA000100000001 /* MainWindowView.swift in Sources */ = {isa = PBXBuildFile; fileRef = A11C1019AAAA000100000001 /* MainWindowView.swift */; };
		A11C101AAAAA000100000001 /* BatteryManager.swift in Sources */ = {isa = PBXBuildFile; fileRef = A11C101BAAAA000100000001 /* BatteryManager.swift */; };
		A11C101CAAAA000100000001 /* SMCClient.swift in Sources */ = {isa = PBXBuildFile; fileRef = A11C101DAAAA000100000001 /* SMCClient.swift */; };
		A11C101EAAAA000100000001 /* main.swift in Sources */ = {isa = PBXBuildFile; fileRef = A11C101FAAAA000100000001 /* main.swift */; };
		A11C1030AAAA000100000001 /* smc in Resources */ = {isa = PBXBuildFile; fileRef = A11C1031AAAA000100000001 /* smc */; };
		A11C1032AAAA000100000001 /* AppIcon.icns in Resources */ = {isa = PBXBuildFile; fileRef = A11C1033AAAA000100000001 /* AppIcon.icns */; };
/* End PBXBuildFile section */

/* Begin PBXFileReference section */
		A11C1002AAAA000100000001 /* BrewCapApp.swift */ = {isa = PBXFileReference; lastKnownFileType = sourcecode.swift; path = BrewCapApp.swift; sourceTree = "<group>"; };
		A11C1004AAAA000100000001 /* AppDelegate.swift */ = {isa = PBXFileReference; lastKnownFileType = sourcecode.swift; path = AppDelegate.swift; sourceTree = "<group>"; };
		A11C1006AAAA000100000001 /* Assets.xcassets */ = {isa = PBXFileReference; lastKnownFileType = folder.assetcatalog; path = Assets.xcassets; sourceTree = "<group>"; };
		A11C1007AAAA000100000001 /* Info.plist */ = {isa = PBXFileReference; lastKnownFileType = text.plist.xml; path = Info.plist; sourceTree = "<group>"; };
		A11C1008AAAA000100000001 /* BrewCap.entitlements */ = {isa = PBXFileReference; lastKnownFileType = text.plist.entitlements; path = BrewCap.entitlements; sourceTree = "<group>"; };
		A11C1009AAAA000100000001 /* BrewCap.app */ = {isa = PBXFileReference; explicitFileType = wrapper.application; includeInIndex = 0; path = BrewCap.app; sourceTree = BUILT_PRODUCTS_DIR; };
		A11C1019AAAA000100000001 /* MainWindowView.swift */ = {isa = PBXFileReference; lastKnownFileType = sourcecode.swift; path = MainWindowView.swift; sourceTree = "<group>"; };
		A11C101BAAAA000100000001 /* BatteryManager.swift */ = {isa = PBXFileReference; lastKnownFileType = sourcecode.swift; path = BatteryManager.swift; sourceTree = "<group>"; };
		A11C101DAAAA000100000001 /* SMCClient.swift */ = {isa = PBXFileReference; lastKnownFileType = sourcecode.swift; path = SMCClient.swift; sourceTree = "<group>"; };
		A11C101FAAAA000100000001 /* main.swift */ = {isa = PBXFileReference; lastKnownFileType = sourcecode.swift; path = main.swift; sourceTree = "<group>"; };
		A11C1031AAAA000100000001 /* smc */ = {isa = PBXFileReference; lastKnownFileType = "compiled.mach-o.executable"; path = smc; sourceTree = "<group>"; name = smc; };
		A11C1033AAAA000100000001 /* AppIcon.icns */ = {isa = PBXFileReference; lastKnownFileType = image.icns; path = AppIcon.icns; sourceTree = "<group>"; };
/* End PBXFileReference section */

/* Begin PBXFrameworksBuildPhase section */
		A11C100AAAAA000100000001 /* Frameworks */ = {
			isa = PBXFrameworksBuildPhase;
			buildActionMask = 2147483647;
			files = (
			);
			runOnlyForDeploymentPostprocessing = 0;
		};
/* End PBXFrameworksBuildPhase section */

/* Begin PBXGroup section */
		A11C100BAAAA000100000001 = {
			isa = PBXGroup;
			children = (
				A11C100CAAAA000100000001 /* BrewCap */,
				A11C100DAAAA000100000001 /* Products */,
			);
			sourceTree = "<group>";
		};
		A11C100CAAAA000100000001 /* BrewCap */ = {
			isa = PBXGroup;
			children = (
				A11C1002AAAA000100000001 /* BrewCapApp.swift */,
				A11C1004AAAA000100000001 /* AppDelegate.swift */,
				A11C1019AAAA000100000001 /* MainWindowView.swift */,
				A11C101BAAAA000100000001 /* BatteryManager.swift */,
				A11C101DAAAA000100000001 /* SMCClient.swift */,
				A11C101FAAAA000100000001 /* main.swift */,
				A11C1006AAAA000100000001 /* Assets.xcassets */,
				A11C1007AAAA000100000001 /* Info.plist */,
				A11C1008AAAA000100000001 /* BrewCap.entitlements */,
				A11C1031AAAA000100000001 /* smc */,
				A11C1033AAAA000100000001 /* AppIcon.icns */,
			);
			path = BrewCap;
			sourceTree = "<group>";
		};
		A11C100DAAAA000100000001 /* Products */ = {
			isa = PBXGroup;
			children = (
				A11C1009AAAA000100000001 /* BrewCap.app */,
			);
			name = Products;
			sourceTree = "<group>";
		};
/* End PBXGroup section */

/* Begin PBXNativeTarget section */
		A11C100EAAAA000100000001 /* BrewCap */ = {
			isa = PBXNativeTarget;
			buildConfigurationList = A11C100FAAAA000100000001 /* Build configuration list for PBXNativeTarget "BrewCap" */;
			buildPhases = (
				A11C1010AAAA000100000001 /* Sources */,
				A11C100AAAAA000100000001 /* Frameworks */,
				A11C1011AAAA000100000001 /* Resources */,
			);
			buildRules = (
			);
			dependencies = (
			);
			name = BrewCap;
			productName = BrewCap;
			productReference = A11C1009AAAA000100000001 /* BrewCap.app */;
			productType = "com.apple.product-type.application";
		};
/* End PBXNativeTarget section */

/* Begin PBXProject section */
		A11C1012AAAA000100000001 /* Project object */ = {
			isa = PBXProject;
			attributes = {
				BuildIndependentTargetsInParallel = 1;
				LastSwiftUpdateCheck = 1500;
				LastUpgradeCheck = 1500;
				TargetAttributes = {
					A11C100EAAAA000100000001 = {
						CreatedOnToolsVersion = 15.0;
					};
				};
			};
			buildConfigurationList = A11C1013AAAA000100000001 /* Build configuration list for PBXProject "BrewCap" */;
			compatibilityVersion = "Xcode 14.0";
			developmentRegion = en;
			hasScannedForEncodings = 0;
			knownRegions = (
				en,
				Base,
			);
			mainGroup = A11C100BAAAA000100000001;
			productRefGroup = A11C100DAAAA000100000001 /* Products */;
			projectDirPath = "";
			projectRoot = "";
			targets = (
				A11C100EAAAA000100000001 /* BrewCap */,
			);
		};
/* End PBXProject section */

/* Begin PBXResourcesBuildPhase section */
		A11C1011AAAA000100000001 /* Resources */ = {
			isa = PBXResourcesBuildPhase;
			buildActionMask = 2147483647;
			files = (
				A11C1005AAAA000100000001 /* Assets.xcassets in Resources */,
				A11C1030AAAA000100000001 /* smc in Resources */,
				A11C1032AAAA000100000001 /* AppIcon.icns in Resources */,
			);
			runOnlyForDeploymentPostprocessing = 0;
		};
/* End PBXResourcesBuildPhase section */

/* Begin PBXSourcesBuildPhase section */
		A11C1010AAAA000100000001 /* Sources */ = {
			isa = PBXSourcesBuildPhase;
			buildActionMask = 2147483647;
			files = (
				A11C1001AAAA000100000001 /* BrewCapApp.swift in Sources */,
				A11C1003AAAA000100000001 /* AppDelegate.swift in Sources */,
				A11C1018AAAA000100000001 /* MainWindowView.swift in Sources */,
				A11C101AAAAA000100000001 /* BatteryManager.swift in Sources */,
				A11C101CAAAA000100000001 /* SMCClient.swift in Sources */,
				A11C101EAAAA000100000001 /* main.swift in Sources */,
			);
			runOnlyForDeploymentPostprocessing = 0;
		};
/* End PBXSourcesBuildPhase section */

/* Begin XCBuildConfiguration section */
		A11C1014AAAA000100000001 /* Debug */ = {
			isa = XCBuildConfiguration;
			buildSettings = {
				ALWAYS_SEARCH_USER_PATHS = NO;
				ASSETCATALOG_COMPILER_GENERATE_SWIFT_ASSET_SYMBOL_EXTENSIONS = YES;
				CLANG_ANALYZER_NONNULL = YES;
				CLANG_ANALYZER_NUMBER_OBJECT_CONVERSION = YES_AGGRESSIVE;
				CLANG_CXX_LANGUAGE_STANDARD = "gnu++20";
				CLANG_ENABLE_MODULES = YES;
				CLANG_ENABLE_OBJC_ARC = YES;
				CLANG_ENABLE_OBJC_WEAK = YES;
				CLANG_WARN_BLOCK_CAPTURE_AUTORELEASING = YES;
				CLANG_WARN_BOOL_CONVERSION = YES;
				CLANG_WARN_COMMA = YES;
				CLANG_WARN_CONSTANT_CONVERSION = YES;
				CLANG_WARN_DEPRECATED_OBJC_IMPLEMENTATIONS = YES;
				CLANG_WARN_DIRECT_OBJC_ISA_USAGE = YES_ERROR;
				CLANG_WARN_DOCUMENTATION_COMMENTS = YES;
				CLANG_WARN_EMPTY_BODY = YES;
				CLANG_WARN_ENUM_CONVERSION = YES;
				CLANG_WARN_INFINITE_RECURSION = YES;
				CLANG_WARN_INT_CONVERSION = YES;
				CLANG_WARN_NON_LITERAL_NULL_CONVERSION = YES;
				CLANG_WARN_OBJC_IMPLICIT_RETAIN_SELF = YES;
				CLANG_WARN_OBJC_LITERAL_CONVERSION = YES;
				CLANG_WARN_OBJC_ROOT_CLASS = YES_ERROR;
				CLANG_WARN_QUOTED_INCLUDE_IN_FRAMEWORK_HEADER = YES;
				CLANG_WARN_RANGE_LOOP_ANALYSIS = YES;
				CLANG_WARN_STRICT_PROTOTYPES = YES;
				CLANG_WARN_SUSPICIOUS_MOVE = YES;
				CLANG_WARN_UNGUARDED_AVAILABILITY = YES_AGGRESSIVE;
				CLANG_WARN_UNREACHABLE_CODE = YES;
				CLANG_WARN__DUPLICATE_METHOD_MATCH = YES;
				COPY_PHASE_STRIP = NO;
				DEBUG_INFORMATION_FORMAT = dwarf;
				ENABLE_STRICT_OBJC_MSGSEND = YES;
				ENABLE_TESTABILITY = YES;
				ENABLE_USER_SCRIPT_SANDBOXING = YES;
				GCC_C_LANGUAGE_STANDARD = gnu17;
				GCC_DYNAMIC_NO_PIC = NO;
				GCC_NO_COMMON_BLOCKS = YES;
				GCC_OPTIMIZATION_LEVEL = 0;
				GCC_PREPROCESSOR_DEFINITIONS = (
					"DEBUG=1",
					"$(inherited)",
				);
				GCC_WARN_64_TO_32_BIT_CONVERSION = YES;
				GCC_WARN_ABOUT_RETURN_TYPE = YES_ERROR;
				GCC_WARN_UNDECLARED_SELECTOR = YES;
				GCC_WARN_UNINITIALIZED_AUTOS = YES_AGGRESSIVE;
				GCC_WARN_UNUSED_FUNCTION = YES;
				GCC_WARN_UNUSED_VARIABLE = YES;
				MACOSX_DEPLOYMENT_TARGET = 13.0;
				MTL_ENABLE_DEBUG_INFO = INCLUDE_SOURCE;
				MTL_FAST_MATH = YES;
				ONLY_ACTIVE_ARCH = YES;
				SDKROOT = macosx;
				SWIFT_ACTIVE_COMPILATION_CONDITIONS = "DEBUG $(inherited)";
				SWIFT_OPTIMIZATION_LEVEL = "-Onone";
			};
			name = Debug;
		};
		A11C1015AAAA000100000001 /* Release */ = {
			isa = XCBuildConfiguration;
			buildSettings = {
				ALWAYS_SEARCH_USER_PATHS = NO;
				ASSETCATALOG_COMPILER_GENERATE_SWIFT_ASSET_SYMBOL_EXTENSIONS = YES;
				CLANG_ANALYZER_NONNULL = YES;
				CLANG_ANALYZER_NUMBER_OBJECT_CONVERSION = YES_AGGRESSIVE;
				CLANG_CXX_LANGUAGE_STANDARD = "gnu++20";
				CLANG_ENABLE_MODULES = YES;
				CLANG_ENABLE_OBJC_ARC = YES;
				CLANG_ENABLE_OBJC_WEAK = YES;
				CLANG_WARN_BLOCK_CAPTURE_AUTORELEASING = YES;
				CLANG_WARN_BOOL_CONVERSION = YES;
				CLANG_WARN_COMMA = YES;
				CLANG_WARN_CONSTANT_CONVERSION = YES;
				CLANG_WARN_DEPRECATED_OBJC_IMPLEMENTATIONS = YES;
				CLANG_WARN_DIRECT_OBJC_ISA_USAGE = YES_ERROR;
				CLANG_WARN_DOCUMENTATION_COMMENTS = YES;
				CLANG_WARN_EMPTY_BODY = YES;
				CLANG_WARN_ENUM_CONVERSION = YES;
				CLANG_WARN_INFINITE_RECURSION = YES;
				CLANG_WARN_INT_CONVERSION = YES;
				CLANG_WARN_NON_LITERAL_NULL_CONVERSION = YES;
				CLANG_WARN_OBJC_IMPLICIT_RETAIN_SELF = YES;
				CLANG_WARN_OBJC_LITERAL_CONVERSION = YES;
				CLANG_WARN_OBJC_ROOT_CLASS = YES_ERROR;
				CLANG_WARN_QUOTED_INCLUDE_IN_FRAMEWORK_HEADER = YES;
				CLANG_WARN_RANGE_LOOP_ANALYSIS = YES;
				CLANG_WARN_STRICT_PROTOTYPES = YES;
				CLANG_WARN_SUSPICIOUS_MOVE = YES;
				CLANG_WARN_UNGUARDED_AVAILABILITY = YES_AGGRESSIVE;
				CLANG_WARN_UNREACHABLE_CODE = YES;
				CLANG_WARN__DUPLICATE_METHOD_MATCH = YES;
				COPY_PHASE_STRIP = NO;
				DEBUG_INFORMATION_FORMAT = "dwarf-with-dsym";
				ENABLE_NS_ASSERTIONS = NO;
				ENABLE_STRICT_OBJC_MSGSEND = YES;
				ENABLE_USER_SCRIPT_SANDBOXING = YES;
				GCC_C_LANGUAGE_STANDARD = gnu17;
				GCC_NO_COMMON_BLOCKS = YES;
				GCC_WARN_64_TO_32_BIT_CONVERSION = YES;
				GCC_WARN_ABOUT_RETURN_TYPE = YES_ERROR;
				GCC_WARN_UNDECLARED_SELECTOR = YES;
				GCC_WARN_UNINITIALIZED_AUTOS = YES_AGGRESSIVE;
				GCC_WARN_UNUSED_FUNCTION = YES;
				GCC_WARN_UNUSED_VARIABLE = YES;
				MACOSX_DEPLOYMENT_TARGET = 13.0;
				MTL_ENABLE_DEBUG_INFO = NO;
				MTL_FAST_MATH = YES;
				SDKROOT = macosx;
				SWIFT_COMPILATION_MODE = wholemodule;
			};
			name = Release;
		};
		A11C1016AAAA000100000001 /* Debug */ = {
			isa = XCBuildConfiguration;
			buildSettings = {
				ASSETCATALOG_COMPILER_APPICON_NAME = AppIcon;
				ASSETCATALOG_COMPILER_GLOBAL_ACCENT_COLOR_NAME = AccentColor;
				CODE_SIGN_ENTITLEMENTS = BrewCap/BrewCap.entitlements;
				CODE_SIGN_STYLE = Automatic;
				COMBINE_HIDPI_IMAGES = YES;
				CURRENT_PROJECT_VERSION = 1;
				GENERATE_INFOPLIST_FILE = YES;
				INFOPLIST_FILE = BrewCap/Info.plist;
				INFOPLIST_KEY_NSHumanReadableCopyright = "";
				INFOPLIST_KEY_NSMainStoryboardFile = "";
				INFOPLIST_KEY_NSPrincipalClass = NSApplication;
				LD_RUNPATH_SEARCH_PATHS = (
					"$(inherited)",
					"@executable_path/../Frameworks",
				);
				MARKETING_VERSION = 1.0;
				PRODUCT_BUNDLE_IDENTIFIER = com.brewcap.app;
				PRODUCT_NAME = "$(TARGET_NAME)";
				SWIFT_EMIT_LOC_STRINGS = YES;
				SWIFT_OBJC_BRIDGING_HEADER = "";
				SWIFT_VERSION = 5.0;
			};
			name = Debug;
		};
		A11C1017AAAA000100000001 /* Release */ = {
			isa = XCBuildConfiguration;
			buildSettings = {
				ASSETCATALOG_COMPILER_APPICON_NAME = AppIcon;
				ASSETCATALOG_COMPILER_GLOBAL_ACCENT_COLOR_NAME = AccentColor;
				CODE_SIGN_ENTITLEMENTS = BrewCap/BrewCap.entitlements;
				CODE_SIGN_STYLE = Automatic;
				COMBINE_HIDPI_IMAGES = YES;
				CURRENT_PROJECT_VERSION = 1;
				GENERATE_INFOPLIST_FILE = YES;
				INFOPLIST_FILE = BrewCap/Info.plist;
				INFOPLIST_KEY_NSHumanReadableCopyright = "";
				INFOPLIST_KEY_NSMainStoryboardFile = "";
				INFOPLIST_KEY_NSPrincipalClass = NSApplication;
				LD_RUNPATH_SEARCH_PATHS = (
					"$(inherited)",
					"@executable_path/../Frameworks",
				);
				MARKETING_VERSION = 1.0;
				PRODUCT_BUNDLE_IDENTIFIER = com.brewcap.app;
				PRODUCT_NAME = "$(TARGET_NAME)";
				SWIFT_EMIT_LOC_STRINGS = YES;
				SWIFT_OBJC_BRIDGING_HEADER = "";
				SWIFT_VERSION = 5.0;
			};
			name = Release;
		};
/* End XCBuildConfiguration section */

/* Begin XCConfigurationList section */
		A11C1013AAAA000100000001 /* Build configuration list for PBXProject "BrewCap" */ = {
			isa = XCConfigurationList;
			buildConfigurations = (
				A11C1014AAAA000100000001 /* Debug */,
				A11C1015AAAA000100000001 /* Release */,
			);
			defaultConfigurationIsVisible = 0;
			defaultConfigurationName = Release;
		};
		A11C100FAAAA000100000001 /* Build configuration list for PBXNativeTarget "BrewCap" */ = {
			isa = XCConfigurationList;
			buildConfigurations = (
				A11C1016AAAA000100000001 /* Debug */,
				A11C1017AAAA000100000001 /* Release */,
			);
			defaultConfigurationIsVisible = 0;
			defaultConfigurationName = Release;
		};
/* End XCConfigurationList section */

	};
	rootObject = A11C1012AAAA000100000001 /* Project object */;
}
